
Microsoft Visual Studio Solution File, Format Version 12.00
# Visual Studio Version 17
VisualStudioVersion = 17.8.34525.116
MinimumVisualStudioVersion = 10.0.40219.1
Project("{FAE04EC0-301F-11D3-BF4B-00C04F79EFBC}") = "Northwind.WebApi.Service", "Northwind.WebApi.Service\Northwind.WebApi.Service.csproj", "{90B6B051-38BF-4ECC-B014-A49F86FB7C53}"
EndProject
Project("{9A19103F-16F7-4668-BE54-9A1E7A4F7556}") = "Northwind.Common.DataContext.SqlServer", "..\..\..\apps-services-net8\code\Chapter03\Northwind.Common.DataContext.SqlServer\Northwind.Common.DataContext.SqlServer.csproj", "{FB0D3572-A515-496D-A681-DE2BE2EE53A4}"
EndProject
Global
	GlobalSection(SolutionConfigurationPlatforms) = preSolution
		Debug|Any CPU = Debug|Any CPU
		Release|Any CPU = Release|Any CPU
	EndGlobalSection
	GlobalSection(ProjectConfigurationPlatforms) = postSolution
		{90B6B051-38BF-4ECC-B014-A49F86FB7C53}.Debug|Any CPU.ActiveCfg = Debug|Any CPU
		{90B6B051-38BF-4ECC-B014-A49F86FB7C53}.Debug|Any CPU.Build.0 = Debug|Any CPU
		{90B6B051-38BF-4ECC-B014-A49F86FB7C53}.Release|Any CPU.ActiveCfg = Release|Any CPU
		{90B6B051-38BF-4ECC-B014-A49F86FB7C53}.Release|Any CPU.Build.0 = Release|Any CPU
		{FB0D3572-A515-496D-A681-DE2BE2EE53A4}.Debug|Any CPU.ActiveCfg = Debug|Any CPU
		{FB0D3572-A515-496D-A681-DE2BE2EE53A4}.Debug|Any CPU.Build.0 = Debug|Any CPU
		{FB0D3572-A515-496D-A681-DE2BE2EE53A4}.Release|Any CPU.ActiveCfg = Release|Any CPU
		{FB0D3572-A515-496D-A681-DE2BE2EE53A4}.Release|Any CPU.Build.0 = Release|Any CPU
	EndGlobalSection
	GlobalSection(SolutionProperties) = preSolution
		HideSolutionNode = FALSE
	EndGlobalSection
	GlobalSection(ExtensibilityGlobals) = postSolution
		SolutionGuid = {F8C2DDB6-9301-4A32-B6CD-9EAA348E51DF}
	EndGlobalSection
EndGlobal
